Microsoft Visual Studio Solution File, Format Version 12.00
# Visual Studio Version 17
VisualStudioVersion = 17.5.2.0
MinimumVisualStudioVersion = 10.0.40219.1
Project("{FAE04EC0-301F-11D3-BF4B-00C04F79EFBC}") = "WebApi_Funcionarios", "WebApi_Funcionarios.csproj", "{B639D59A-A8CB-6561-1E36-BD5BB4E5BA68}"
EndProject
Global
	GlobalSection(SolutionConfigurationPlatforms) = preSolution
		Debug|Any CPU = Debug|Any CPU
		Release|Any CPU = Release|Any CPU
	EndGlobalSection
	GlobalSection(ProjectConfigurationPlatforms) = postSolution
		{B639D59A-A8CB-6561-1E36-BD5BB4E5BA68}.Debug|Any CPU.ActiveCfg = Debug|Any CPU
		{B639D59A-A8CB-6561-1E36-BD5BB4E5BA68}.Debug|Any CPU.Build.0 = Debug|Any CPU
		{B639D59A-A8CB-6561-1E36-BD5BB4E5BA68}.Release|Any CPU.ActiveCfg = Release|Any CPU
		{B639D59A-A8CB-6561-1E36-BD5BB4E5BA68}.Release|Any CPU.Build.0 = Release|Any CPU
	EndGlobalSection
	GlobalSection(SolutionProperties) = preSolution
		HideSolutionNode = FALSE
	EndGlobalSection
	GlobalSection(ExtensibilityGlobals) = postSolution
		SolutionGuid = {8F0B156E-297C-45FC-A39F-D8920DC60381}
	EndGlobalSection
EndGlobal
